{
  "name": "assets",
  "lockfileVersion": 2,
  "requires": true,
  "packages": {
    "": {
      "license": "MIT",
      "dependencies": {
        "@googlemaps/js-api-loader": "^1.13.7",
        "alpinejs": "^3.9.1",
        "chart.js": "^3.7.1",
        "chartjs-adapter-luxon": "^1.1.0",
        "chartjs-plugin-streaming": "^2.0.0",
        "highcharts": "^9.3.3",
        "luxon": "^2.3.0",
        "markerjs-live": "^1.0.2",
        "moment": "^2.29.1",
        "moment-timezone": "^0.5.34",
        "topbar": "^1.0.1"
      }
    },
    "node_modules/@googlemaps/js-api-loader": {
      "version": "1.13.7",
      "resolved": "https://registry.npmjs.org/@googlemaps/js-api-loader/-/js-api-loader-1.13.7.tgz",
      "integrity": "sha512-nR37TVS7797p91Eng1NxEVpLeFz5H2TXkJHSBaFEM8wid+ffgBdmwRD2uD7TbcLBmHjRABLPrXPAyXhugx97tA==",
      "dependencies": {
        "fast-deep-equal": "^3.1.3"
      }
    },
    "node_modules/@vue/reactivity": {
      "version": "3.1.5",
      "resolved": "https://registry.npmjs.org/@vue/reactivity/-/reactivity-3.1.5.tgz",
      "integrity": "sha512-1tdfLmNjWG6t/CsPldh+foumYFo3cpyCHgBYQ34ylaMsJ+SNHQ1kApMIa8jN+i593zQuaw3AdWH0nJTARzCFhg==",
      "dependencies": {
        "@vue/shared": "3.1.5"
      }
    },
    "node_modules/@vue/shared": {
      "version": "3.1.5",
      "resolved": "https://registry.npmjs.org/@vue/shared/-/shared-3.1.5.tgz",
      "integrity": "sha512-oJ4F3TnvpXaQwZJNF3ZK+kLPHKarDmJjJ6jyzVNDKH9md1dptjC7lWR//jrGuLdek/U6iltWxqAnYOu8gCiOvA=="
    },
    "node_modules/alpinejs": {
      "version": "3.9.1",
      "resolved": "https://registry.npmjs.org/alpinejs/-/alpinejs-3.9.1.tgz",
      "integrity": "sha512-RcNHza1C9hrGEScXP1igFwnP4iTn4cXbT6vhd1gDT6DsZLE8kutG4FRRF1yk2T0poQYMyyxfFlqX865HUHJy3Q==",
      "dependencies": {
        "@vue/reactivity": "~3.1.1"
      }
    },
    "node_modules/chart.js": {
      "version": "3.7.1",
      "resolved": "https://registry.npmjs.org/chart.js/-/chart.js-3.7.1.tgz",
      "integrity": "sha512-8knRegQLFnPQAheZV8MjxIXc5gQEfDFD897BJgv/klO/vtIyFFmgMXrNfgrXpbTr/XbTturxRgxIXx/Y+ASJBA=="
    },
    "node_modules/chartjs-adapter-luxon": {
      "version": "1.1.0",
      "resolved": "https://registry.npmjs.org/chartjs-adapter-luxon/-/chartjs-adapter-luxon-1.1.0.tgz",
      "integrity": "sha512-CS+xBWEyXYVLBZ3dSY/MwlSXhz8er4JjkApazY84ft/++oOLsmkt6TaXBCsUFudum7QdoYmpxiL/gSp20+emkw==",
      "peerDependencies": {
        "chart.js": "^3.0.0",
        "luxon": "^1.0.0 || ^2.0.0"
      }
    },
    "node_modules/chartjs-plugin-streaming": {
      "version": "2.0.0",
      "resolved": "https://registry.npmjs.org/chartjs-plugin-streaming/-/chartjs-plugin-streaming-2.0.0.tgz",
      "integrity": "sha512-oBwHRmovGbPDS1h8PhpttnlKjI6eiJO13v4h+xz+mfbHhIc+iNF9xuMobCIFMKFH7rlVWi5TJAOIxoXyGElYYg==",
      "peerDependencies": {
        "chart.js": "^3.0.0"
      }
    },
    "node_modules/fast-deep-equal": {
      "version": "3.1.3",
      "resolved": "https://registry.npmjs.org/fast-deep-equal/-/fast-deep-equal-3.1.3.tgz",
      "integrity": "sha512-f3qQ9oQy9j2AhBe/H9VC91wLmKBCCU/gDOnKNAYG5hswO7BLKj09Hc5HYNz9cGI++xlpDCIgDaitVs03ATR84Q=="
    },
    "node_modules/highcharts": {
      "version": "9.3.3",
      "resolved": "https://registry.npmjs.org/highcharts/-/highcharts-9.3.3.tgz",
      "integrity": "sha512-QeOvm6cifeZYYdTLm4IxZsXcOE9c4xqfs0z0OJJ0z7hhA9WG0rmcVAyuIp5HBl/znjA/ayYHmpYjBYD/9PG4Fg=="
    },
    "node_modules/luxon": {
      "version": "2.3.0",
      "resolved": "https://registry.npmjs.org/luxon/-/luxon-2.3.0.tgz",
      "integrity": "sha512-gv6jZCV+gGIrVKhO90yrsn8qXPKD8HYZJtrUDSfEbow8Tkw84T9OnCyJhWvnJIaIF/tBuiAjZuQHUt1LddX2mg==",
      "engines": {
        "node": ">=12"
      }
    },
    "node_modules/markerjs-live": {
      "version": "1.0.2",
      "resolved": "https://registry.npmjs.org/markerjs-live/-/markerjs-live-1.0.2.tgz",
      "integrity": "sha512-Uj9j61XznOCFfVaFI6qabwLtVXeOm0vb3fPeRjbWnEot7dUJg21hIxgMEsHc/vTnzWHitJVt2vXWEt/aNCLOzA=="
    },
    "node_modules/moment": {
      "version": "2.29.1",
      "resolved": "https://registry.npmjs.org/moment/-/moment-2.29.1.tgz",
      "integrity": "sha512-kHmoybcPV8Sqy59DwNDY3Jefr64lK/by/da0ViFcuA4DH0vQg5Q6Ze5VimxkfQNSC+Mls/Kx53s7TjP1RhFEDQ==",
      "engines": {
        "node": "*"
      }
    },
    "node_modules/moment-timezone": {
      "version": "0.5.34",
      "resolved": "https://registry.npmjs.org/moment-timezone/-/moment-timezone-0.5.34.tgz",
      "integrity": "sha512-3zAEHh2hKUs3EXLESx/wsgw6IQdusOT8Bxm3D9UrHPQR7zlMmzwybC8zHEM1tQ4LJwP7fcxrWr8tuBg05fFCbg==",
      "dependencies": {
        "moment": ">= 2.9.0"
      },
      "engines": {
        "node": "*"
      }
    },
    "node_modules/topbar": {
      "version": "1.0.1",
      "resolved": "https://registry.npmjs.org/topbar/-/topbar-1.0.1.tgz",
      "integrity": "sha512-HZqQSMBiG29vcjOrqKCM9iGY/h69G5gQH7ae83ZCPz5uPmbQKwK0sMEqzVDBiu64tWHJ+kk9NApECrF+FAAvRA=="
    }
  },
  "dependencies": {
    "@googlemaps/js-api-loader": {
      "version": "1.13.7",
      "resolved": "https://registry.npmjs.org/@googlemaps/js-api-loader/-/js-api-loader-1.13.7.tgz",
      "integrity": "sha512-nR37TVS7797p91Eng1NxEVpLeFz5H2TXkJHSBaFEM8wid+ffgBdmwRD2uD7TbcLBmHjRABLPrXPAyXhugx97tA==",
      "requires": {
        "fast-deep-equal": "^3.1.3"
      }
    },
    "@vue/reactivity": {
      "version": "3.1.5",
      "resolved": "https://registry.npmjs.org/@vue/reactivity/-/reactivity-3.1.5.tgz",
      "integrity": "sha512-1tdfLmNjWG6t/CsPldh+foumYFo3cpyCHgBYQ34ylaMsJ+SNHQ1kApMIa8jN+i593zQuaw3AdWH0nJTARzCFhg==",
      "requires": {
        "@vue/shared": "3.1.5"
      }
    },
    "@vue/shared": {
      "version": "3.1.5",
      "resolved": "https://registry.npmjs.org/@vue/shared/-/shared-3.1.5.tgz",
      "integrity": "sha512-oJ4F3TnvpXaQwZJNF3ZK+kLPHKarDmJjJ6jyzVNDKH9md1dptjC7lWR//jrGuLdek/U6iltWxqAnYOu8gCiOvA=="
    },
    "alpinejs": {
      "version": "3.9.1",
      "resolved": "https://registry.npmjs.org/alpinejs/-/alpinejs-3.9.1.tgz",
      "integrity": "sha512-RcNHza1C9hrGEScXP1igFwnP4iTn4cXbT6vhd1gDT6DsZLE8kutG4FRRF1yk2T0poQYMyyxfFlqX865HUHJy3Q==",
      "requires": {
        "@vue/reactivity": "~3.1.1"
      }
    },
    "chart.js": {
      "version": "3.7.1",
      "resolved": "https://registry.npmjs.org/chart.js/-/chart.js-3.7.1.tgz",
      "integrity": "sha512-8knRegQLFnPQAheZV8MjxIXc5gQEfDFD897BJgv/klO/vtIyFFmgMXrNfgrXpbTr/XbTturxRgxIXx/Y+ASJBA=="
    },
    "chartjs-adapter-luxon": {
      "version": "1.1.0",
      "resolved": "https://registry.npmjs.org/chartjs-adapter-luxon/-/chartjs-adapter-luxon-1.1.0.tgz",
      "integrity": "sha512-CS+xBWEyXYVLBZ3dSY/MwlSXhz8er4JjkApazY84ft/++oOLsmkt6TaXBCsUFudum7QdoYmpxiL/gSp20+emkw==",
      "requires": {}
    },
    "chartjs-plugin-streaming": {
      "version": "2.0.0",
      "resolved": "https://registry.npmjs.org/chartjs-plugin-streaming/-/chartjs-plugin-streaming-2.0.0.tgz",
      "integrity": "sha512-oBwHRmovGbPDS1h8PhpttnlKjI6eiJO13v4h+xz+mfbHhIc+iNF9xuMobCIFMKFH7rlVWi5TJAOIxoXyGElYYg==",
      "requires": {}
    },
    "fast-deep-equal": {
      "version": "3.1.3",
      "resolved": "https://registry.npmjs.org/fast-deep-equal/-/fast-deep-equal-3.1.3.tgz",
      "integrity": "sha512-f3qQ9oQy9j2AhBe/H9VC91wLmKBCCU/gDOnKNAYG5hswO7BLKj09Hc5HYNz9cGI++xlpDCIgDaitVs03ATR84Q=="
    },
    "highcharts": {
      "version": "9.3.3",
      "resolved": "https://registry.npmjs.org/highcharts/-/highcharts-9.3.3.tgz",
      "integrity": "sha512-QeOvm6cifeZYYdTLm4IxZsXcOE9c4xqfs0z0OJJ0z7hhA9WG0rmcVAyuIp5HBl/znjA/ayYHmpYjBYD/9PG4Fg=="
    },
    "luxon": {
      "version": "2.3.0",
      "resolved": "https://registry.npmjs.org/luxon/-/luxon-2.3.0.tgz",
      "integrity": "sha512-gv6jZCV+gGIrVKhO90yrsn8qXPKD8HYZJtrUDSfEbow8Tkw84T9OnCyJhWvnJIaIF/tBuiAjZuQHUt1LddX2mg=="
    },
    "markerjs-live": {
      "version": "1.0.2",
      "resolved": "https://registry.npmjs.org/markerjs-live/-/markerjs-live-1.0.2.tgz",
      "integrity": "sha512-Uj9j61XznOCFfVaFI6qabwLtVXeOm0vb3fPeRjbWnEot7dUJg21hIxgMEsHc/vTnzWHitJVt2vXWEt/aNCLOzA=="
    },
    "moment": {
      "version": "2.29.1",
      "resolved": "https://registry.npmjs.org/moment/-/moment-2.29.1.tgz",
      "integrity": "sha512-kHmoybcPV8Sqy59DwNDY3Jefr64lK/by/da0ViFcuA4DH0vQg5Q6Ze5VimxkfQNSC+Mls/Kx53s7TjP1RhFEDQ=="
    },
    "moment-timezone": {
      "version": "0.5.34",
      "resolved": "https://registry.npmjs.org/moment-timezone/-/moment-timezone-0.5.34.tgz",
      "integrity": "sha512-3zAEHh2hKUs3EXLESx/wsgw6IQdusOT8Bxm3D9UrHPQR7zlMmzwybC8zHEM1tQ4LJwP7fcxrWr8tuBg05fFCbg==",
      "requires": {
        "moment": ">= 2.9.0"
      }
    },
    "topbar": {
      "version": "1.0.1",
      "resolved": "https://registry.npmjs.org/topbar/-/topbar-1.0.1.tgz",
      "integrity": "sha512-HZqQSMBiG29vcjOrqKCM9iGY/h69G5gQH7ae83ZCPz5uPmbQKwK0sMEqzVDBiu64tWHJ+kk9NApECrF+FAAvRA=="
    }
  }
}
